{
	"requires": true,
	"lockfileVersion": 1,
	"dependencies": {
		"@akashic/akashic-engine": {
			"version": "2.1.1",
			"resolved": "https://registry.npmjs.org/@akashic/akashic-engine/-/akashic-engine-2.1.1.tgz",
			"integrity": "sha1-QRhjZUDIVeGLq5Ul81NB2LyTN8E="
		},
		"@types/node": {
			"version": "9.4.7",
			"resolved": "https://registry.npmjs.org/@types/node/-/node-9.4.7.tgz",
			"integrity": "sha512-4Ba90mWNx8ddbafuyGGwjkZMigi+AWfYLSDCpovwsE63ia8w93r3oJ8PIAQc3y8U+XHcnMOHPIzNe3o438Ywcw=="
		},
		"typescript": {
			"version": "2.8.3",
			"resolved": "https://registry.npmjs.org/typescript/-/typescript-2.8.3.tgz",
			"integrity": "sha512-K7g15Bb6Ra4lKf7Iq2l/I5/En+hLIHmxWZGq3D4DIRNFxMNV6j2SHSvDOqs2tGd4UvD/fJvrwopzQXjLrT7Itw=="
		}
	}
}
