{
	"name": "@cowlick/core",
	"version": "0.9.1",
	"lockfileVersion": 1,
	"requires": true,
	"dependencies": {
		"@akashic/akashic-engine": {
			"version": "2.4.11",
			"resolved": "https://registry.npmjs.org/@akashic/akashic-engine/-/akashic-engine-2.4.11.tgz",
			"integrity": "sha512-hkXeIkcwYRTO5GrDebuT3UOQ0OYakxEJeDCAdguyrU56zgkCnYplEYdi9OA2yBNuoGDfaMhFyWn/RMJNNXgbUg==",
			"dev": true
		},
		"@types/node": {
			"version": "10.12.18",
			"resolved": "https://registry.npmjs.org/@types/node/-/node-10.12.18.tgz",
			"integrity": "sha512-fh+pAqt4xRzPfqA6eh3Z2y6fyZavRIumvjhaCL753+TVkGKGhpPeyrJG2JftD0T9q4GF00KjefsQ+PQNDdWQaQ==",
			"dev": true
		},
		"typescript": {
			"version": "3.3.3333",
			"resolved": "https://registry.npmjs.org/typescript/-/typescript-3.3.3333.tgz",
			"integrity": "sha512-JjSKsAfuHBE/fB2oZ8NxtRTk5iGcg6hkYXMnZ3Wc+b2RSqejEqTaem11mHASMnFilHrax3sLK0GDzcJrekZYLw==",
			"dev": true
		}
	}
}
