{
	"requires": true,
	"lockfileVersion": 1,
	"dependencies": {
		"@akashic-extension/akashic-label": {
			"version": "0.3.4",
			"resolved": "http://10.141.0.111:4873/@akashic-extension%2fakashic-label/-/akashic-label-0.3.4.tgz",
			"integrity": "sha1-ncea5zYWq+dfysyeMQh7SW1idDU=",
			"requires": {
				"@akashic/akashic-engine": "1.10.2"
			},
			"dependencies": {
				"@akashic/akashic-engine": {
					"version": "1.10.2",
					"resolved": "http://10.141.0.111:4873/@akashic%2fakashic-engine/-/akashic-engine-1.10.2.tgz",
					"integrity": "sha1-44QPqpf7lA6gLJhZY+vbGmXEfF4="
				}
			}
		},
		"@akashic-extension/akashic-timeline": {
			"version": "0.4.2",
			"resolved": "http://10.141.0.111:4873/@akashic-extension%2fakashic-timeline/-/akashic-timeline-0.4.2.tgz",
			"integrity": "sha1-ghbm6QZhhYVtPNQTCLXsOqSLwAA="
		},
		"@akashic/akashic-engine": {
			"version": "2.0.0",
			"resolved": "http://10.141.0.111:4873/@akashic%2fakashic-engine/-/akashic-engine-2.0.0.tgz",
			"integrity": "sha1-bCuc0Snub/qfeodfk0i2GO6QGZY="
		},
		"@types/mocha": {
			"version": "2.2.43",
			"resolved": "https://registry.npmjs.org/@types/mocha/-/mocha-2.2.43.tgz",
			"integrity": "sha512-xNlAmH+lRJdUMXClMTI9Y0pRqIojdxfm7DHsIxoB2iTzu3fnPmSMEN8SsSx0cdwV36d02PWCWaDUoZPDSln+xw=="
		},
		"@types/node": {
			"version": "8.0.28",
			"resolved": "https://registry.npmjs.org/@types/node/-/node-8.0.28.tgz",
			"integrity": "sha512-HupkFXEv3O3KSzcr3Ylfajg0kaerBg1DyaZzRBBQfrU3NN1mTBRE7sCveqHwXLS5Yrjvww8qFzkzYQQakG9FuQ=="
		},
		"@xnv/akashic-scrollable": {
			"version": "0.0.4",
			"resolved": "https://registry.npmjs.org/@xnv/akashic-scrollable/-/akashic-scrollable-0.0.4.tgz",
			"integrity": "sha1-eKrWwyegoHnaMY0JJnIFiHVzVMw="
		},
		"@xnv/headless-akashic": {
			"version": "0.0.1",
			"resolved": "https://registry.npmjs.org/@xnv/headless-akashic/-/headless-akashic-0.0.1.tgz",
			"integrity": "sha1-yUhSr+oJhSEbfLKhOg8VCudiExE="
		},
		"acorn": {
			"version": "5.2.1",
			"resolved": "https://registry.npmjs.org/acorn/-/acorn-5.2.1.tgz",
			"integrity": "sha512-jG0u7c4Ly+3QkkW18V+NRDN+4bWHdln30NL1ZL2AvFZZmQe/BfopYCtghCKKVBUSetZ4QKcyA0pY6/4Gw8Pv8w=="
		},
		"acorn-es7-plugin": {
			"version": "1.1.7",
			"resolved": "https://registry.npmjs.org/acorn-es7-plugin/-/acorn-es7-plugin-1.1.7.tgz",
			"integrity": "sha1-8u4fMiipDurRJF+asZIusucdM2s="
		},
		"amdefine": {
			"version": "1.0.1",
			"resolved": "https://registry.npmjs.org/amdefine/-/amdefine-1.0.1.tgz",
			"integrity": "sha1-SlKCrBZHKek2Gbz9OtFR+BfOkfU="
		},
		"array-filter": {
			"version": "1.0.0",
			"resolved": "https://registry.npmjs.org/array-filter/-/array-filter-1.0.0.tgz",
			"integrity": "sha1-uveeYubvTCpMC4MSMtr/7CUfnYM="
		},
		"array-find": {
			"version": "1.0.0",
			"resolved": "https://registry.npmjs.org/array-find/-/array-find-1.0.0.tgz",
			"integrity": "sha1-bI4obRHtdoMn+OYuzuhzU8o+eLg="
		},
		"balanced-match": {
			"version": "1.0.0",
			"resolved": "https://registry.npmjs.org/balanced-match/-/balanced-match-1.0.0.tgz",
			"integrity": "sha1-ibTRmasr7kneFk6gK4nORi1xt2c="
		},
		"brace-expansion": {
			"version": "1.1.8",
			"resolved": "https://registry.npmjs.org/brace-expansion/-/brace-expansion-1.1.8.tgz",
			"integrity": "sha1-wHshHHyVLsH479Uad+8NHTmQopI=",
			"requires": {
				"balanced-match": "1.0.0",
				"concat-map": "0.0.1"
			}
		},
		"browser-stdout": {
			"version": "1.3.0",
			"resolved": "https://registry.npmjs.org/browser-stdout/-/browser-stdout-1.3.0.tgz",
			"integrity": "sha1-81HTKWnTL6XXpVZxVCY9korjvR8="
		},
		"call-matcher": {
			"version": "1.0.1",
			"resolved": "https://registry.npmjs.org/call-matcher/-/call-matcher-1.0.1.tgz",
			"integrity": "sha1-UTTQd5hPcSpU2tPL9i3ijc5BbKg=",
			"requires": {
				"core-js": "2.5.1",
				"deep-equal": "1.0.1",
				"espurify": "1.7.0",
				"estraverse": "4.2.0"
			}
		},
		"call-signature": {
			"version": "0.0.2",
			"resolved": "https://registry.npmjs.org/call-signature/-/call-signature-0.0.2.tgz",
			"integrity": "sha1-qEq8glpV70yysCi9dOIFpluaSZY="
		},
		"commander": {
			"version": "2.9.0",
			"resolved": "https://registry.npmjs.org/commander/-/commander-2.9.0.tgz",
			"integrity": "sha1-nJkJQXbhIkDLItbFFGCYQA/g99Q=",
			"requires": {
				"graceful-readlink": "1.0.1"
			}
		},
		"concat-map": {
			"version": "0.0.1",
			"resolved": "https://registry.npmjs.org/concat-map/-/concat-map-0.0.1.tgz",
			"integrity": "sha1-2Klr13/Wjfd5OnMDajug1UBdR3s="
		},
		"convert-source-map": {
			"version": "1.5.0",
			"resolved": "https://registry.npmjs.org/convert-source-map/-/convert-source-map-1.5.0.tgz",
			"integrity": "sha1-ms1whRxtXf3ZPZKC5e35SgP/RrU="
		},
		"core-js": {
			"version": "2.5.1",
			"resolved": "https://registry.npmjs.org/core-js/-/core-js-2.5.1.tgz",
			"integrity": "sha1-rmh03GaTd4m4B1T/VCjfZoGcpQs="
		},
		"d": {
			"version": "1.0.0",
			"resolved": "https://registry.npmjs.org/d/-/d-1.0.0.tgz",
			"integrity": "sha1-dUu1v+VUUdpppYuU1F9MWwRi1Y8=",
			"requires": {
				"es5-ext": "0.10.35"
			}
		},
		"debug": {
			"version": "2.6.8",
			"resolved": "https://registry.npmjs.org/debug/-/debug-2.6.8.tgz",
			"integrity": "sha1-5zFTHKLt4n0YgiJCfaF4IdaP9Pw=",
			"requires": {
				"ms": "2.0.0"
			}
		},
		"deep-equal": {
			"version": "1.0.1",
			"resolved": "https://registry.npmjs.org/deep-equal/-/deep-equal-1.0.1.tgz",
			"integrity": "sha1-9dJgKStmDghO/0zbyfCK0yR0SLU="
		},
		"deep-is": {
			"version": "0.1.3",
			"resolved": "https://registry.npmjs.org/deep-is/-/deep-is-0.1.3.tgz",
			"integrity": "sha1-s2nW+128E+7PUk+RsHD+7cNXzzQ="
		},
		"define-properties": {
			"version": "1.1.2",
			"resolved": "https://registry.npmjs.org/define-properties/-/define-properties-1.1.2.tgz",
			"integrity": "sha1-g6c/L+pWmJj7c3GTyPhzyvbUXJQ=",
			"requires": {
				"foreach": "2.0.5",
				"object-keys": "1.0.11"
			}
		},
		"diff": {
			"version": "3.2.0",
			"resolved": "https://registry.npmjs.org/diff/-/diff-3.2.0.tgz",
			"integrity": "sha1-yc45Okt8vQsFinJck98pkCeGj/k="
		},
		"diff-match-patch": {
			"version": "1.0.0",
			"resolved": "https://registry.npmjs.org/diff-match-patch/-/diff-match-patch-1.0.0.tgz",
			"integrity": "sha1-HMPIOkkNZ/ldkeOfatHy4Ia2MEg="
		},
		"eastasianwidth": {
			"version": "0.1.1",
			"resolved": "https://registry.npmjs.org/eastasianwidth/-/eastasianwidth-0.1.1.tgz",
			"integrity": "sha1-RNZW3p2kFWlEZzNTZfsxR7hXK3w="
		},
		"empower": {
			"version": "1.2.3",
			"resolved": "https://registry.npmjs.org/empower/-/empower-1.2.3.tgz",
			"integrity": "sha1-bw2nNEf07dg4/sXGAxOoi6XLhSs=",
			"requires": {
				"core-js": "2.5.1",
				"empower-core": "0.6.2"
			}
		},
		"empower-assert": {
			"version": "1.0.1",
			"resolved": "https://registry.npmjs.org/empower-assert/-/empower-assert-1.0.1.tgz",
			"integrity": "sha1-MeMQq8BluqfDoEh+a+W7zGXzwd4=",
			"requires": {
				"estraverse": "4.2.0"
			}
		},
		"empower-core": {
			"version": "0.6.2",
			"resolved": "https://registry.npmjs.org/empower-core/-/empower-core-0.6.2.tgz",
			"integrity": "sha1-Wt71ZgiOMfuoC6CjbfR9cJQWkUQ=",
			"requires": {
				"call-signature": "0.0.2",
				"core-js": "2.5.1"
			}
		},
		"es5-ext": {
			"version": "0.10.35",
			"resolved": "https://registry.npmjs.org/es5-ext/-/es5-ext-0.10.35.tgz",
			"integrity": "sha1-GO6FjOajxFx9eekcFfzKnsVoSU8=",
			"requires": {
				"es6-iterator": "2.0.3",
				"es6-symbol": "3.1.1"
			}
		},
		"es6-iterator": {
			"version": "2.0.3",
			"resolved": "https://registry.npmjs.org/es6-iterator/-/es6-iterator-2.0.3.tgz",
			"integrity": "sha1-p96IkUGgWpSwhUQDstCg+/qY87c=",
			"requires": {
				"d": "1.0.0",
				"es5-ext": "0.10.35",
				"es6-symbol": "3.1.1"
			}
		},
		"es6-map": {
			"version": "0.1.5",
			"resolved": "https://registry.npmjs.org/es6-map/-/es6-map-0.1.5.tgz",
			"integrity": "sha1-kTbgUD3MBqMBaQ8LsU/042TpSfA=",
			"requires": {
				"d": "1.0.0",
				"es5-ext": "0.10.35",
				"es6-iterator": "2.0.3",
				"es6-set": "0.1.5",
				"es6-symbol": "3.1.1",
				"event-emitter": "0.3.5"
			}
		},
		"es6-set": {
			"version": "0.1.5",
			"resolved": "https://registry.npmjs.org/es6-set/-/es6-set-0.1.5.tgz",
			"integrity": "sha1-0rPsXU2ADO2BjbU40ol02wpzzLE=",
			"requires": {
				"d": "1.0.0",
				"es5-ext": "0.10.35",
				"es6-iterator": "2.0.3",
				"es6-symbol": "3.1.1",
				"event-emitter": "0.3.5"
			}
		},
		"es6-symbol": {
			"version": "3.1.1",
			"resolved": "https://registry.npmjs.org/es6-symbol/-/es6-symbol-3.1.1.tgz",
			"integrity": "sha1-vwDvT9q2uhtG7Le2KbTH7VcVzHc=",
			"requires": {
				"d": "1.0.0",
				"es5-ext": "0.10.35"
			}
		},
		"es6-weak-map": {
			"version": "2.0.2",
			"resolved": "https://registry.npmjs.org/es6-weak-map/-/es6-weak-map-2.0.2.tgz",
			"integrity": "sha1-XjqzIlH/0VOKH45f+hNXdy+S2W8=",
			"requires": {
				"d": "1.0.0",
				"es5-ext": "0.10.35",
				"es6-iterator": "2.0.3",
				"es6-symbol": "3.1.1"
			}
		},
		"escallmatch": {
			"version": "1.5.0",
			"resolved": "https://registry.npmjs.org/escallmatch/-/escallmatch-1.5.0.tgz",
			"integrity": "sha1-UAmdhugJGwkt+N37w/mm+wWgJNA=",
			"requires": {
				"call-matcher": "1.0.1",
				"esprima": "2.7.3"
			},
			"dependencies": {
				"esprima": {
					"version": "2.7.3",
					"resolved": "https://registry.npmjs.org/esprima/-/esprima-2.7.3.tgz",
					"integrity": "sha1-luO3DVd59q1JzQMmc9HDEnZ7pYE="
				}
			}
		},
		"escape-string-regexp": {
			"version": "1.0.5",
			"resolved": "https://registry.npmjs.org/escape-string-regexp/-/escape-string-regexp-1.0.5.tgz",
			"integrity": "sha1-G2HAViGQqN/2rjuyzwIAyhMLhtQ="
		},
		"escodegen": {
			"version": "1.9.0",
			"resolved": "https://registry.npmjs.org/escodegen/-/escodegen-1.9.0.tgz",
			"integrity": "sha512-v0MYvNQ32bzwoG2OSFzWAkuahDQHK92JBN0pTAALJ4RIxEZe766QJPDR8Hqy7XNUy5K3fnVL76OqYAdc4TZEIw==",
			"requires": {
				"esprima": "3.1.3",
				"estraverse": "4.2.0",
				"esutils": "2.0.2",
				"optionator": "0.8.2",
				"source-map": "0.5.7"
			}
		},
		"escope": {
			"version": "3.6.0",
			"resolved": "https://registry.npmjs.org/escope/-/escope-3.6.0.tgz",
			"integrity": "sha1-4Bl16BJ4GhY6ba392AOY3GTIicM=",
			"requires": {
				"es6-map": "0.1.5",
				"es6-weak-map": "2.0.2",
				"esrecurse": "4.2.0",
				"estraverse": "4.2.0"
			}
		},
		"espower": {
			"version": "2.1.0",
			"resolved": "https://registry.npmjs.org/espower/-/espower-2.1.0.tgz",
			"integrity": "sha1-zh7bPZhwKEH99ZbRy46FvcSujkg=",
			"requires": {
				"array-find": "1.0.0",
				"escallmatch": "1.5.0",
				"escodegen": "1.9.0",
				"escope": "3.6.0",
				"espower-location-detector": "1.0.0",
				"espurify": "1.7.0",
				"estraverse": "4.2.0",
				"source-map": "0.5.7",
				"type-name": "2.0.2",
				"xtend": "4.0.1"
			}
		},
		"espower-location-detector": {
			"version": "1.0.0",
			"resolved": "https://registry.npmjs.org/espower-location-detector/-/espower-location-detector-1.0.0.tgz",
			"integrity": "sha1-oXt+zFnTDheeK+9z+0E3cEyzMbU=",
			"requires": {
				"is-url": "1.2.2",
				"path-is-absolute": "1.0.1",
				"source-map": "0.5.7",
				"xtend": "4.0.1"
			}
		},
		"espower-source": {
			"version": "2.2.0",
			"resolved": "https://registry.npmjs.org/espower-source/-/espower-source-2.2.0.tgz",
			"integrity": "sha1-fgBSVa5HtcE2RIZEs/PYAtUD91I=",
			"requires": {
				"acorn": "5.2.1",
				"acorn-es7-plugin": "1.1.7",
				"convert-source-map": "1.5.0",
				"empower-assert": "1.0.1",
				"escodegen": "1.9.0",
				"espower": "2.1.0",
				"estraverse": "4.2.0",
				"merge-estraverse-visitors": "1.0.0",
				"multi-stage-sourcemap": "0.2.1",
				"path-is-absolute": "1.0.1",
				"xtend": "4.0.1"
			}
		},
		"espower-typescript": {
			"version": "8.1.1",
			"resolved": "https://registry.npmjs.org/espower-typescript/-/espower-typescript-8.1.1.tgz",
			"integrity": "sha512-U+GE8sT5rVs9ZdIWeudO9J5m9w9LiOPyGBiQ/75AqfHrlj5lLG3VHfOXGIVfqc8Sbdp6MakMfoLJhUy+lIZKTw==",
			"requires": {
				"espower-source": "2.2.0",
				"minimatch": "3.0.4",
				"typescript": "2.5.3",
				"typescript-simple": "8.0.5"
			}
		},
		"esprima": {
			"version": "3.1.3",
			"resolved": "https://registry.npmjs.org/esprima/-/esprima-3.1.3.tgz",
			"integrity": "sha1-/cpRzuYTOJXjyI1TXOSdv/YqRjM="
		},
		"espurify": {
			"version": "1.7.0",
			"resolved": "https://registry.npmjs.org/espurify/-/espurify-1.7.0.tgz",
			"integrity": "sha1-HFz2y8zDLm9jk4C9T5kfq5up0iY=",
			"requires": {
				"core-js": "2.5.1"
			}
		},
		"esrecurse": {
			"version": "4.2.0",
			"resolved": "https://registry.npmjs.org/esrecurse/-/esrecurse-4.2.0.tgz",
			"integrity": "sha1-+pVo2Y04I/mkHZHpAtyrnqblsWM=",
			"requires": {
				"estraverse": "4.2.0",
				"object-assign": "4.1.1"
			}
		},
		"estraverse": {
			"version": "4.2.0",
			"resolved": "https://registry.npmjs.org/estraverse/-/estraverse-4.2.0.tgz",
			"integrity": "sha1-De4/7TH81GlhjOc0IJn8GvoL2xM="
		},
		"esutils": {
			"version": "2.0.2",
			"resolved": "https://registry.npmjs.org/esutils/-/esutils-2.0.2.tgz",
			"integrity": "sha1-Cr9PHKpbyx96nYrMbepPqqBLrJs="
		},
		"event-emitter": {
			"version": "0.3.5",
			"resolved": "https://registry.npmjs.org/event-emitter/-/event-emitter-0.3.5.tgz",
			"integrity": "sha1-34xp7vFkeSPHFXuc6DhAYQsCzDk=",
			"requires": {
				"d": "1.0.0",
				"es5-ext": "0.10.35"
			}
		},
		"fast-levenshtein": {
			"version": "2.0.6",
			"resolved": "https://registry.npmjs.org/fast-levenshtein/-/fast-levenshtein-2.0.6.tgz",
			"integrity": "sha1-PYpcZog6FqMMqGQ+hR8Zuqd5eRc="
		},
		"foreach": {
			"version": "2.0.5",
			"resolved": "https://registry.npmjs.org/foreach/-/foreach-2.0.5.tgz",
			"integrity": "sha1-C+4AUBiusmDQo6865ljdATbsG5k="
		},
		"fs.realpath": {
			"version": "1.0.0",
			"resolved": "https://registry.npmjs.org/fs.realpath/-/fs.realpath-1.0.0.tgz",
			"integrity": "sha1-FQStJSMVjKpA20onh8sBQRmU6k8="
		},
		"glob": {
			"version": "7.1.1",
			"resolved": "https://registry.npmjs.org/glob/-/glob-7.1.1.tgz",
			"integrity": "sha1-gFIR3wT6rxxjo2ADBs31reULLsg=",
			"requires": {
				"fs.realpath": "1.0.0",
				"inflight": "1.0.6",
				"inherits": "2.0.3",
				"minimatch": "3.0.4",
				"once": "1.4.0",
				"path-is-absolute": "1.0.1"
			}
		},
		"graceful-readlink": {
			"version": "1.0.1",
			"resolved": "https://registry.npmjs.org/graceful-readlink/-/graceful-readlink-1.0.1.tgz",
			"integrity": "sha1-TK+tdrxi8C+gObL5Tpo906ORpyU="
		},
		"growl": {
			"version": "1.9.2",
			"resolved": "https://registry.npmjs.org/growl/-/growl-1.9.2.tgz",
			"integrity": "sha1-Dqd0NxXbjY3ixe3hd14bRayFwC8="
		},
		"has-flag": {
			"version": "1.0.0",
			"resolved": "https://registry.npmjs.org/has-flag/-/has-flag-1.0.0.tgz",
			"integrity": "sha1-nZ55MWXOAXoA8AQYxD+UKnsdEfo="
		},
		"he": {
			"version": "1.1.1",
			"resolved": "https://registry.npmjs.org/he/-/he-1.1.1.tgz",
			"integrity": "sha1-k0EP0hsAlzUVH4howvJx80J+I/0="
		},
		"indexof": {
			"version": "0.0.1",
			"resolved": "https://registry.npmjs.org/indexof/-/indexof-0.0.1.tgz",
			"integrity": "sha1-gtwzbSMrkGIXnQWrMpOmYFn9Q10="
		},
		"inflight": {
			"version": "1.0.6",
			"resolved": "https://registry.npmjs.org/inflight/-/inflight-1.0.6.tgz",
			"integrity": "sha1-Sb1jMdfQLQwJvJEKEHW6gWW1bfk=",
			"requires": {
				"once": "1.4.0",
				"wrappy": "1.0.2"
			}
		},
		"inherits": {
			"version": "2.0.3",
			"resolved": "https://registry.npmjs.org/inherits/-/inherits-2.0.3.tgz",
			"integrity": "sha1-Yzwsg+PaQqUC9SRmAiSA9CCCYd4="
		},
		"is-url": {
			"version": "1.2.2",
			"resolved": "https://registry.npmjs.org/is-url/-/is-url-1.2.2.tgz",
			"integrity": "sha1-SYkFpZO/R8wtnn9zg3K792lsfyY="
		},
		"json3": {
			"version": "3.3.2",
			"resolved": "https://registry.npmjs.org/json3/-/json3-3.3.2.tgz",
			"integrity": "sha1-PAQ0dD35Pi9cQq7nsZvLSDV19OE="
		},
		"levn": {
			"version": "0.3.0",
			"resolved": "https://registry.npmjs.org/levn/-/levn-0.3.0.tgz",
			"integrity": "sha1-OwmSTt+fCDwEkP3UwLxEIeBHZO4=",
			"requires": {
				"prelude-ls": "1.1.2",
				"type-check": "0.3.2"
			}
		},
		"lodash._baseassign": {
			"version": "3.2.0",
			"resolved": "https://registry.npmjs.org/lodash._baseassign/-/lodash._baseassign-3.2.0.tgz",
			"integrity": "sha1-jDigmVAPIVrQnlnxci/QxSv+Ck4=",
			"requires": {
				"lodash._basecopy": "3.0.1",
				"lodash.keys": "3.1.2"
			}
		},
		"lodash._basecopy": {
			"version": "3.0.1",
			"resolved": "https://registry.npmjs.org/lodash._basecopy/-/lodash._basecopy-3.0.1.tgz",
			"integrity": "sha1-jaDmqHbPNEwK2KVIghEd08XHyjY="
		},
		"lodash._basecreate": {
			"version": "3.0.3",
			"resolved": "https://registry.npmjs.org/lodash._basecreate/-/lodash._basecreate-3.0.3.tgz",
			"integrity": "sha1-G8ZhYU2qf8MRt9A78WgGoCE8+CE="
		},
		"lodash._getnative": {
			"version": "3.9.1",
			"resolved": "https://registry.npmjs.org/lodash._getnative/-/lodash._getnative-3.9.1.tgz",
			"integrity": "sha1-VwvH3t5G1hzc3mh9ZdPuy6o6r/U="
		},
		"lodash._isiterateecall": {
			"version": "3.0.9",
			"resolved": "https://registry.npmjs.org/lodash._isiterateecall/-/lodash._isiterateecall-3.0.9.tgz",
			"integrity": "sha1-UgOte6Ql+uhCRg5pbbnPPmqsBXw="
		},
		"lodash.create": {
			"version": "3.1.1",
			"resolved": "https://registry.npmjs.org/lodash.create/-/lodash.create-3.1.1.tgz",
			"integrity": "sha1-1/KEnw29p+BGgruM1yqwIkYd6+c=",
			"requires": {
				"lodash._baseassign": "3.2.0",
				"lodash._basecreate": "3.0.3",
				"lodash._isiterateecall": "3.0.9"
			}
		},
		"lodash.isarguments": {
			"version": "3.1.0",
			"resolved": "https://registry.npmjs.org/lodash.isarguments/-/lodash.isarguments-3.1.0.tgz",
			"integrity": "sha1-L1c9hcaiQon/AGY7SRwdM4/zRYo="
		},
		"lodash.isarray": {
			"version": "3.0.4",
			"resolved": "https://registry.npmjs.org/lodash.isarray/-/lodash.isarray-3.0.4.tgz",
			"integrity": "sha1-eeTriMNqgSKvhvhEqpvNhRtfu1U="
		},
		"lodash.keys": {
			"version": "3.1.2",
			"resolved": "https://registry.npmjs.org/lodash.keys/-/lodash.keys-3.1.2.tgz",
			"integrity": "sha1-TbwEcrFWvlCgsoaFXRvQsMZWCYo=",
			"requires": {
				"lodash._getnative": "3.9.1",
				"lodash.isarguments": "3.1.0",
				"lodash.isarray": "3.0.4"
			}
		},
		"merge-estraverse-visitors": {
			"version": "1.0.0",
			"resolved": "https://registry.npmjs.org/merge-estraverse-visitors/-/merge-estraverse-visitors-1.0.0.tgz",
			"integrity": "sha1-65aDOLXe1c7tgs7AMH3sui2OqZQ=",
			"requires": {
				"estraverse": "4.2.0"
			}
		},
		"minimatch": {
			"version": "3.0.4",
			"resolved": "https://registry.npmjs.org/minimatch/-/minimatch-3.0.4.tgz",
			"integrity": "sha512-yJHVQEhyqPLUTgt9B83PXu6W3rx4MvvHvSUvToogpwoGDOUQ+yDrR0HRot+yOCdCO7u4hX3pWft6kWBBcqh0UA==",
			"requires": {
				"brace-expansion": "1.1.8"
			}
		},
		"minimist": {
			"version": "0.0.8",
			"resolved": "https://registry.npmjs.org/minimist/-/minimist-0.0.8.tgz",
			"integrity": "sha1-hX/Kv8M5fSYluCKCYuhqp6ARsF0="
		},
		"mkdirp": {
			"version": "0.5.1",
			"resolved": "https://registry.npmjs.org/mkdirp/-/mkdirp-0.5.1.tgz",
			"integrity": "sha1-MAV0OOrGz3+MR2fzhkjWaX11yQM=",
			"requires": {
				"minimist": "0.0.8"
			}
		},
		"mocha": {
			"version": "3.5.3",
			"resolved": "https://registry.npmjs.org/mocha/-/mocha-3.5.3.tgz",
			"integrity": "sha512-/6na001MJWEtYxHOV1WLfsmR4YIynkUEhBwzsb+fk2qmQ3iqsi258l/Q2MWHJMImAcNpZ8DEdYAK72NHoIQ9Eg==",
			"requires": {
				"browser-stdout": "1.3.0",
				"commander": "2.9.0",
				"debug": "2.6.8",
				"diff": "3.2.0",
				"escape-string-regexp": "1.0.5",
				"glob": "7.1.1",
				"growl": "1.9.2",
				"he": "1.1.1",
				"json3": "3.3.2",
				"lodash.create": "3.1.1",
				"mkdirp": "0.5.1",
				"supports-color": "3.1.2"
			}
		},
		"ms": {
			"version": "2.0.0",
			"resolved": "https://registry.npmjs.org/ms/-/ms-2.0.0.tgz",
			"integrity": "sha1-VgiurfwAvmwpAd9fmGF4jeDVl8g="
		},
		"multi-stage-sourcemap": {
			"version": "0.2.1",
			"resolved": "https://registry.npmjs.org/multi-stage-sourcemap/-/multi-stage-sourcemap-0.2.1.tgz",
			"integrity": "sha1-sJ/IWG6qF/gdV1xK0C4Pej9rEQU=",
			"requires": {
				"source-map": "0.1.43"
			},
			"dependencies": {
				"source-map": {
					"version": "0.1.43",
					"resolved": "https://registry.npmjs.org/source-map/-/source-map-0.1.43.tgz",
					"integrity": "sha1-wkvBRspRfBRx9drL4lcbK3+eM0Y=",
					"requires": {
						"amdefine": "1.0.1"
					}
				}
			}
		},
		"object-assign": {
			"version": "4.1.1",
			"resolved": "https://registry.npmjs.org/object-assign/-/object-assign-4.1.1.tgz",
			"integrity": "sha1-IQmtx5ZYh8/AXLvUQsrIv7s2CGM="
		},
		"object-keys": {
			"version": "1.0.11",
			"resolved": "https://registry.npmjs.org/object-keys/-/object-keys-1.0.11.tgz",
			"integrity": "sha1-xUYBd4rVYPEULODgG8yotW0TQm0="
		},
		"once": {
			"version": "1.4.0",
			"resolved": "https://registry.npmjs.org/once/-/once-1.4.0.tgz",
			"integrity": "sha1-WDsap3WWHUsROsF9nFC6753Xa9E=",
			"requires": {
				"wrappy": "1.0.2"
			}
		},
		"optionator": {
			"version": "0.8.2",
			"resolved": "https://registry.npmjs.org/optionator/-/optionator-0.8.2.tgz",
			"integrity": "sha1-NkxeQJ0/TWMB1sC0wFu6UBgK62Q=",
			"requires": {
				"deep-is": "0.1.3",
				"fast-levenshtein": "2.0.6",
				"levn": "0.3.0",
				"prelude-ls": "1.1.2",
				"type-check": "0.3.2",
				"wordwrap": "1.0.0"
			}
		},
		"path-is-absolute": {
			"version": "1.0.1",
			"resolved": "https://registry.npmjs.org/path-is-absolute/-/path-is-absolute-1.0.1.tgz",
			"integrity": "sha1-F0uSaHNVNP+8es5r9TpanhtcX18="
		},
		"power-assert": {
			"version": "1.4.4",
			"resolved": "https://registry.npmjs.org/power-assert/-/power-assert-1.4.4.tgz",
			"integrity": "sha1-kpXqdDcZb1pgH95CDwQmMRhtdRc=",
			"requires": {
				"define-properties": "1.1.2",
				"empower": "1.2.3",
				"power-assert-formatter": "1.4.1",
				"universal-deep-strict-equal": "1.2.2",
				"xtend": "4.0.1"
			}
		},
		"power-assert-context-formatter": {
			"version": "1.1.1",
			"resolved": "https://registry.npmjs.org/power-assert-context-formatter/-/power-assert-context-formatter-1.1.1.tgz",
			"integrity": "sha1-7bo1LT7YpgMRTWZyZazOYNaJzN8=",
			"requires": {
				"core-js": "2.5.1",
				"power-assert-context-traversal": "1.1.1"
			}
		},
		"power-assert-context-reducer-ast": {
			"version": "1.1.2",
			"resolved": "https://registry.npmjs.org/power-assert-context-reducer-ast/-/power-assert-context-reducer-ast-1.1.2.tgz",
			"integrity": "sha1-SEqZ4m9Jc/+IMuXFzHVnAuYJQXQ=",
			"requires": {
				"acorn": "4.0.13",
				"acorn-es7-plugin": "1.1.7",
				"core-js": "2.5.1",
				"espurify": "1.7.0",
				"estraverse": "4.2.0"
			},
			"dependencies": {
				"acorn": {
					"version": "4.0.13",
					"resolved": "https://registry.npmjs.org/acorn/-/acorn-4.0.13.tgz",
					"integrity": "sha1-EFSVrlNh1pe9GVyCUZLhrX8lN4c="
				}
			}
		},
		"power-assert-context-traversal": {
			"version": "1.1.1",
			"resolved": "https://registry.npmjs.org/power-assert-context-traversal/-/power-assert-context-traversal-1.1.1.tgz",
			"integrity": "sha1-iMq8oNE7Y1nwfT0+ivppkmRXftk=",
			"requires": {
				"core-js": "2.5.1",
				"estraverse": "4.2.0"
			}
		},
		"power-assert-formatter": {
			"version": "1.4.1",
			"resolved": "https://registry.npmjs.org/power-assert-formatter/-/power-assert-formatter-1.4.1.tgz",
			"integrity": "sha1-XcEl7VCj37HdomwZNH879Y7CiEo=",
			"requires": {
				"core-js": "2.5.1",
				"power-assert-context-formatter": "1.1.1",
				"power-assert-context-reducer-ast": "1.1.2",
				"power-assert-renderer-assertion": "1.1.1",
				"power-assert-renderer-comparison": "1.1.1",
				"power-assert-renderer-diagram": "1.1.2",
				"power-assert-renderer-file": "1.1.1"
			}
		},
		"power-assert-renderer-assertion": {
			"version": "1.1.1",
			"resolved": "https://registry.npmjs.org/power-assert-renderer-assertion/-/power-assert-renderer-assertion-1.1.1.tgz",
			"integrity": "sha1-y/wOd+AIao+Wrz8djme57n4ozpg=",
			"requires": {
				"power-assert-renderer-base": "1.1.1",
				"power-assert-util-string-width": "1.1.1"
			}
		},
		"power-assert-renderer-base": {
			"version": "1.1.1",
			"resolved": "https://registry.npmjs.org/power-assert-renderer-base/-/power-assert-renderer-base-1.1.1.tgz",
			"integrity": "sha1-lqZQxv0F7hvB9mtUrWFELIs/Y+s="
		},
		"power-assert-renderer-comparison": {
			"version": "1.1.1",
			"resolved": "https://registry.npmjs.org/power-assert-renderer-comparison/-/power-assert-renderer-comparison-1.1.1.tgz",
			"integrity": "sha1-10Odl9hRVr5OMKAPL7WnJRTOPAg=",
			"requires": {
				"core-js": "2.5.1",
				"diff-match-patch": "1.0.0",
				"power-assert-renderer-base": "1.1.1",
				"stringifier": "1.3.0",
				"type-name": "2.0.2"
			}
		},
		"power-assert-renderer-diagram": {
			"version": "1.1.2",
			"resolved": "https://registry.npmjs.org/power-assert-renderer-diagram/-/power-assert-renderer-diagram-1.1.2.tgz",
			"integrity": "sha1-ZV+PcRk1qbbVQbhjJ2VHF8Y3qYY=",
			"requires": {
				"core-js": "2.5.1",
				"power-assert-renderer-base": "1.1.1",
				"power-assert-util-string-width": "1.1.1",
				"stringifier": "1.3.0"
			}
		},
		"power-assert-renderer-file": {
			"version": "1.1.1",
			"resolved": "https://registry.npmjs.org/power-assert-renderer-file/-/power-assert-renderer-file-1.1.1.tgz",
			"integrity": "sha1-o34rvReMys0E5427eckv40kzxec=",
			"requires": {
				"power-assert-renderer-base": "1.1.1"
			}
		},
		"power-assert-util-string-width": {
			"version": "1.1.1",
			"resolved": "https://registry.npmjs.org/power-assert-util-string-width/-/power-assert-util-string-width-1.1.1.tgz",
			"integrity": "sha1-vmWet5N/3S5smncmjar2S9W3xZI=",
			"requires": {
				"eastasianwidth": "0.1.1"
			}
		},
		"prelude-ls": {
			"version": "1.1.2",
			"resolved": "https://registry.npmjs.org/prelude-ls/-/prelude-ls-1.1.2.tgz",
			"integrity": "sha1-IZMqVJ9eUv/ZqCf1cOBL5iqX2lQ="
		},
		"source-map": {
			"version": "0.5.7",
			"resolved": "https://registry.npmjs.org/source-map/-/source-map-0.5.7.tgz",
			"integrity": "sha1-igOdLRAh0i0eoUyA2OpGi6LvP8w="
		},
		"stringifier": {
			"version": "1.3.0",
			"resolved": "https://registry.npmjs.org/stringifier/-/stringifier-1.3.0.tgz",
			"integrity": "sha1-3vGDQvaTPbDy2/yaoCF1tEjBeVk=",
			"requires": {
				"core-js": "2.5.1",
				"traverse": "0.6.6",
				"type-name": "2.0.2"
			}
		},
		"supports-color": {
			"version": "3.1.2",
			"resolved": "https://registry.npmjs.org/supports-color/-/supports-color-3.1.2.tgz",
			"integrity": "sha1-cqJiiU2dQIuVbKBf83su2KbiotU=",
			"requires": {
				"has-flag": "1.0.0"
			}
		},
		"traverse": {
			"version": "0.6.6",
			"resolved": "https://registry.npmjs.org/traverse/-/traverse-0.6.6.tgz",
			"integrity": "sha1-y99WD9e5r2MlAv7UD5GMFX6pcTc="
		},
		"type-check": {
			"version": "0.3.2",
			"resolved": "https://registry.npmjs.org/type-check/-/type-check-0.3.2.tgz",
			"integrity": "sha1-WITKtRLPHTVeP7eE8wgEsrUg23I=",
			"requires": {
				"prelude-ls": "1.1.2"
			}
		},
		"type-name": {
			"version": "2.0.2",
			"resolved": "https://registry.npmjs.org/type-name/-/type-name-2.0.2.tgz",
			"integrity": "sha1-7+fUEj2KxSr/9/QMfk3sUmYAj7Q="
		},
		"typescript": {
			"version": "2.5.3",
			"resolved": "https://registry.npmjs.org/typescript/-/typescript-2.5.3.tgz",
			"integrity": "sha512-ptLSQs2S4QuS6/OD1eAKG+S5G8QQtrU5RT32JULdZQtM1L3WTi34Wsu48Yndzi8xsObRAB9RPt/KhA9wlpEF6w=="
		},
		"typescript-simple": {
			"version": "8.0.5",
			"resolved": "https://registry.npmjs.org/typescript-simple/-/typescript-simple-8.0.5.tgz",
			"integrity": "sha512-vlLnXhWqn3WJnR2vZSyD8h6o9UZyhEq9DWHXOnj1RB+LKYDjZ4W5s+BKPBf9tqEG7lj+8INZQimq2dIzWZoSKw==",
			"requires": {
				"typescript": "2.5.3"
			}
		},
		"universal-deep-strict-equal": {
			"version": "1.2.2",
			"resolved": "https://registry.npmjs.org/universal-deep-strict-equal/-/universal-deep-strict-equal-1.2.2.tgz",
			"integrity": "sha1-DaSsL3PP95JMgfpN4BjKViyisKc=",
			"requires": {
				"array-filter": "1.0.0",
				"indexof": "0.0.1",
				"object-keys": "1.0.11"
			}
		},
		"wordwrap": {
			"version": "1.0.0",
			"resolved": "https://registry.npmjs.org/wordwrap/-/wordwrap-1.0.0.tgz",
			"integrity": "sha1-J1hIEIkUVqQXHI0CJkQa3pDLyus="
		},
		"wrappy": {
			"version": "1.0.2",
			"resolved": "https://registry.npmjs.org/wrappy/-/wrappy-1.0.2.tgz",
			"integrity": "sha1-tSQ9jz7BqjXxNkYFvA0QNuMKtp8="
		},
		"xtend": {
			"version": "4.0.1",
			"resolved": "https://registry.npmjs.org/xtend/-/xtend-4.0.1.tgz",
			"integrity": "sha1-pcbVMr5lbiPbgg77lDofBJmNY68="
		}
	}
}
