{
	"name": "@cowlick/config",
	"version": "0.9.1",
	"lockfileVersion": 1,
	"requires": true,
	"dependencies": {
		"@akashic/akashic-engine": {
			"version": "2.4.8",
			"resolved": "https://registry.npmjs.org/@akashic/akashic-engine/-/akashic-engine-2.4.8.tgz",
			"integrity": "sha512-EK+8H78AVQalr0SL9NXsXj+gPm89Is3maTeLc6xTvcbTe35iWyiswIgQFUYWANXlpZAMKJ70I7B+JI1bzJvlCA==",
			"dev": true
		},
		"@types/node": {
			"version": "9.4.7",
			"resolved": "https://registry.npmjs.org/@types/node/-/node-9.4.7.tgz",
			"integrity": "sha512-4Ba90mWNx8ddbafuyGGwjkZMigi+AWfYLSDCpovwsE63ia8w93r3oJ8PIAQc3y8U+XHcnMOHPIzNe3o438Ywcw==",
			"dev": true
		},
		"typescript": {
			"version": "3.2.1",
			"resolved": "https://registry.npmjs.org/typescript/-/typescript-3.2.1.tgz",
			"integrity": "sha512-jw7P2z/h6aPT4AENXDGjcfHTu5CSqzsbZc6YlUIebTyBAq8XaKp78x7VcSh30xwSCcsu5irZkYZUSFP1MrAMbg==",
			"dev": true
		}
	}
}
