{
	"requires": true,
	"lockfileVersion": 1,
	"dependencies": {
		"@akashic/akashic-engine": {
			"version": "2.3.5",
			"resolved": "https://registry.npmjs.org/@akashic/akashic-engine/-/akashic-engine-2.3.5.tgz",
			"integrity": "sha512-B7IAyKDpJO9VPfv4Vub6V5Pdyt4ZQ+//dsZ5uKGKA4l2Wcg01+XTE4lJOBCxVTkMbDndQJbsRdzSL77cqKgFmA=="
		},
		"@types/node": {
			"version": "9.4.7",
			"resolved": "https://registry.npmjs.org/@types/node/-/node-9.4.7.tgz",
			"integrity": "sha512-4Ba90mWNx8ddbafuyGGwjkZMigi+AWfYLSDCpovwsE63ia8w93r3oJ8PIAQc3y8U+XHcnMOHPIzNe3o438Ywcw=="
		},
		"typescript": {
			"version": "2.9.2",
			"resolved": "https://registry.npmjs.org/typescript/-/typescript-2.9.2.tgz",
			"integrity": "sha512-Gr4p6nFNaoufRIY4NMdpQRNmgxVIGMs4Fcu/ujdYk3nAZqk7supzBE9idmvfZIlH/Cuj//dvi+019qEue9lV0w=="
		}
	}
}
