{
	"name": "@cowlick/config",
	"version": "0.9.1",
	"lockfileVersion": 1,
	"requires": true,
	"dependencies": {
		"@akashic/akashic-engine": {
			"version": "2.4.14",
			"resolved": "https://registry.npmjs.org/@akashic/akashic-engine/-/akashic-engine-2.4.14.tgz",
			"integrity": "sha512-8bv4c1yWFydclFaiz41+XP7GdiI+gJxT1hVb0QZ1ZodSJQG198Oxj0SpeFq+rvDT7ysiUPx9Xg9LhcgMUy5SQA==",
			"dev": true
		},
		"@types/node": {
			"version": "10.12.18",
			"resolved": "https://registry.npmjs.org/@types/node/-/node-10.12.18.tgz",
			"integrity": "sha512-fh+pAqt4xRzPfqA6eh3Z2y6fyZavRIumvjhaCL753+TVkGKGhpPeyrJG2JftD0T9q4GF00KjefsQ+PQNDdWQaQ==",
			"dev": true
		},
		"typescript": {
			"version": "3.4.5",
			"resolved": "https://registry.npmjs.org/typescript/-/typescript-3.4.5.tgz",
			"integrity": "sha512-YycBxUb49UUhdNMU5aJ7z5Ej2XGmaIBL0x34vZ82fn3hGvD+bgrMrVDpatgz2f7YxUMJxMkbWxJZeAvDxVe7Vw==",
			"dev": true
		}
	}
}
